
Microsoft Visual Studio Solution File, Format Version 12.00
# Visual Studio Version 16
VisualStudioVersion = 16.0.31624.102
MinimumVisualStudioVersion = 10.0.40219.1
Project("{9A19103F-16F7-4668-BE54-9A1E7A4F7556}") = "SmollApi", "SmollApi.csproj", "{E0D5C80E-B4EE-421E-BADD-83BED20BE583}"
EndProject
Project("{00D1A9C2-B5F0-4AF3-8072-F6C62B433612}") = "SQLProject", "..\SQLProject\SQLProject.sqlproj", "{3BA1FF2D-9446-4A08-B0D2-0BA82E3347DF}"
EndProject
Global
	GlobalSection(SolutionConfigurationPlatforms) = preSolution
		Debug|Any CPU = Debug|Any CPU
		Release|Any CPU = Release|Any CPU
	EndGlobalSection
	GlobalSection(ProjectConfigurationPlatforms) = postSolution
		{E0D5C80E-B4EE-421E-BADD-83BED20BE583}.Debug|Any CPU.ActiveCfg = Debug|Any CPU
		{E0D5C80E-B4EE-421E-BADD-83BED20BE583}.Debug|Any CPU.Build.0 = Debug|Any CPU
		{E0D5C80E-B4EE-421E-BADD-83BED20BE583}.Release|Any CPU.ActiveCfg = Release|Any CPU
		{E0D5C80E-B4EE-421E-BADD-83BED20BE583}.Release|Any CPU.Build.0 = Release|Any CPU
		{3BA1FF2D-9446-4A08-B0D2-0BA82E3347DF}.Debug|Any CPU.ActiveCfg = Debug|Any CPU
		{3BA1FF2D-9446-4A08-B0D2-0BA82E3347DF}.Debug|Any CPU.Build.0 = Debug|Any CPU
		{3BA1FF2D-9446-4A08-B0D2-0BA82E3347DF}.Debug|Any CPU.Deploy.0 = Debug|Any CPU
		{3BA1FF2D-9446-4A08-B0D2-0BA82E3347DF}.Release|Any CPU.ActiveCfg = Release|Any CPU
		{3BA1FF2D-9446-4A08-B0D2-0BA82E3347DF}.Release|Any CPU.Build.0 = Release|Any CPU
		{3BA1FF2D-9446-4A08-B0D2-0BA82E3347DF}.Release|Any CPU.Deploy.0 = Release|Any CPU
	EndGlobalSection
	GlobalSection(SolutionProperties) = preSolution
		HideSolutionNode = FALSE
	EndGlobalSection
	GlobalSection(ExtensibilityGlobals) = postSolution
		SolutionGuid = {BFE7C6F1-3D31-44C3-ACF9-C1A366130BEE}
	EndGlobalSection
EndGlobal
